PODS:
  - Flutter (1.0.0)
  - rusty_libpebble2_lib (0.0.1):
    - Flutter

DEPENDENCIES:
  - Flutter (from `.symlinks/flutter/ios`)
  - rusty_libpebble2_lib (from `.symlinks/plugins/rusty_libpebble2_lib/ios`)

EXTERNAL SOURCES:
  Flutter:
    :path: ".symlinks/flutter/ios"
  rusty_libpebble2_lib:
    :path: ".symlinks/plugins/rusty_libpebble2_lib/ios"

SPEC CHECKSUMS:
  Flutter: 0e3d915762c693b495b44d77113d4970485de6ec
  rusty_libpebble2_lib: 9c679da55a92c17977da2e16b1c18a5b35b30fd6

PODFILE CHECKSUM: 10ae9c18d12c9ffc2275c9a159a3b1e281990db0

COCOAPODS: 1.8.4
